{
  "name": "mastering-solana",
  "version": "1.0.0",
  "lockfileVersion": 3,
  "requires": true,
  "packages": {
    "": {
      "name": "mastering-solana",
      "version": "1.0.0",
      "license": "ISC",
      "dependencies": {
        "@solana/kit": "^6.1.0"
      }
    },
    "node_modules/@solana/accounts": {
      "version": "6.1.0",
      "resolved": "https://registry.npmjs.org/@solana/accounts/-/accounts-6.1.0.tgz",
      "integrity": "sha512-0jhmhSSS71ClLtBQIDrLlhkiNER4M9RIXTl1eJ1yJoFlE608JaKHTjNWsdVKdke7uBD6exdjNZkIVmouQPHMcA==",
      "license": "MIT",
      "dependencies": {
        "@solana/addresses": "6.1.0",
        "@solana/codecs-core": "6.1.0",
        "@solana/codecs-strings": "6.1.0",
        "@solana/errors": "6.1.0",
        "@solana/rpc-spec": "6.1.0",
        "@solana/rpc-types": "6.1.0"
      },
      "engines": {
        "node": ">=20.18.0"
      },
      "peerDependencies": {
        "typescript": "^5.0.0"
      },
      "peerDependenciesMeta": {
        "typescript": {
          "optional": true
        }
      }
    },
    "node_modules/@solana/addresses": {
      "version": "6.1.0",
      "resolved": "https://registry.npmjs.org/@solana/addresses/-/addresses-6.1.0.tgz",
      "integrity": "sha512-QT04Vie4iICaalQQRJFMGj/P56IxXiwFtVuZHu1qjZUNmuGTOvX6G98b27RaGtLzpJ3NIku/6OtKxLUBqAKAyQ==",
      "license": "MIT",
      "dependencies": {
        "@solana/assertions": "6.1.0",
        "@solana/codecs-core": "6.1.0",
        "@solana/codecs-strings": "6.1.0",
        "@solana/errors": "6.1.0",
        "@solana/nominal-types": "6.1.0"
      },
      "engines": {
        "node": ">=20.18.0"
      },
      "peerDependencies": {
        "typescript": "^5.0.0"
      },
      "peerDependenciesMeta": {
        "typescript": {
          "optional": true
        }
      }
    },
    "node_modules/@solana/assertions": {
      "version": "6.1.0",
      "resolved": "https://registry.npmjs.org/@solana/assertions/-/assertions-6.1.0.tgz",
      "integrity": "sha512-pLgxB2xxTk2QfTaWpnRpSMYgaPkKYDQgptRvbwmuDQnOW1Zopg+42MT2UrDGd3UFMML1uOFPxIwKM6m51H0uXw==",
      "license": "MIT",
      "dependencies": {
        "@solana/errors": "6.1.0"
      },
      "engines": {
        "node": ">=20.18.0"
      },
      "peerDependencies": {
        "typescript": "^5.0.0"
      },
      "peerDependenciesMeta": {
        "typescript": {
          "optional": true
        }
      }
    },
    "node_modules/@solana/codecs": {
      "version": "6.1.0",
      "resolved": "https://registry.npmjs.org/@solana/codecs/-/codecs-6.1.0.tgz",
      "integrity": "sha512-VHBS3t8fyVjE0Nqo6b4TUnzdwdRaVo+B5ufHhPLbbjkEXzz8HB4E/OBjgasn+zWGlfScfQAiBFOsfZjbVWu4XA==",
      "license": "MIT",
      "dependencies": {
        "@solana/codecs-core": "6.1.0",
        "@solana/codecs-data-structures": "6.1.0",
        "@solana/codecs-numbers": "6.1.0",
        "@solana/codecs-strings": "6.1.0",
        "@solana/options": "6.1.0"
      },
      "engines": {
        "node": ">=20.18.0"
      },
      "peerDependencies": {
        "typescript": "^5.0.0"
      },
      "peerDependenciesMeta": {
        "typescript": {
          "optional": true
        }
      }
    },
    "node_modules/@solana/codecs-core": {
      "version": "6.1.0",
      "resolved": "https://registry.npmjs.org/@solana/codecs-core/-/codecs-core-6.1.0.tgz",
      "integrity": "sha512-5rNnDOOm2GRFMJbd9imYCPNvGOrQ+TZ53NCkFFWbbB7f+L9KkLeuuAsDMFN1lCziJFlymvN785YtDnMeWj2W+g==",
      "license": "MIT",
      "dependencies": {
        "@solana/errors": "6.1.0"
      },
      "engines": {
        "node": ">=20.18.0"
      },
      "peerDependencies": {
        "typescript": "^5.0.0"
      },
      "peerDependenciesMeta": {
        "typescript": {
          "optional": true
        }
      }
    },
    "node_modules/@solana/codecs-data-structures": {
      "version": "6.1.0",
      "resolved": "https://registry.npmjs.org/@solana/codecs-data-structures/-/codecs-data-structures-6.1.0.tgz",
      "integrity": "sha512-1cb9g5hrrucTuGkGxqVVq7dCwSMnn4YqwTe365iKkK8HBpLBmUl8XATf1MUs5UtDun1g9eNWOL72Psr8mIUqTQ==",
      "license": "MIT",
      "dependencies": {
        "@solana/codecs-core": "6.1.0",
        "@solana/codecs-numbers": "6.1.0",
        "@solana/errors": "6.1.0"
      },
      "engines": {
        "node": ">=20.18.0"
      },
      "peerDependencies": {
        "typescript": "^5.0.0"
      },
      "peerDependenciesMeta": {
        "typescript": {
          "optional": true
        }
      }
    },
    "node_modules/@solana/codecs-numbers": {
      "version": "6.1.0",
      "resolved": "https://registry.npmjs.org/@solana/codecs-numbers/-/codecs-numbers-6.1.0.tgz",
      "integrity": "sha512-YPQwwl6LE3igH23ah+d8kgpyE5xFcPbuwhxCDsLWqY/ESrvO/0YQSbsgIXahbhZxN59ZC4uq1LnHhBNbpCSVQg==",
      "license": "MIT",
      "dependencies": {
        "@solana/codecs-core": "6.1.0",
        "@solana/errors": "6.1.0"
      },
      "engines": {
        "node": ">=20.18.0"
      },
      "peerDependencies": {
        "typescript": "^5.0.0"
      },
      "peerDependenciesMeta": {
        "typescript": {
          "optional": true
        }
      }
    },
    "node_modules/@solana/codecs-strings": {
      "version": "6.1.0",
      "resolved": "https://registry.npmjs.org/@solana/codecs-strings/-/codecs-strings-6.1.0.tgz",
      "integrity": "sha512-pRH5uAn4VCFUs2rYiDITyWsRnpvs3Uh/nhSc6OSP/kusghcCcCJcUzHBIjT4x08MVacXmGUlSLe/9qPQO+QK3Q==",
      "license": "MIT",
      "dependencies": {
        "@solana/codecs-core": "6.1.0",
        "@solana/codecs-numbers": "6.1.0",
        "@solana/errors": "6.1.0"
      },
      "engines": {
        "node": ">=20.18.0"
      },
      "peerDependencies": {
        "fastestsmallesttextencoderdecoder": "^1.0.22",
        "typescript": "^5.0.0"
      },
      "peerDependenciesMeta": {
        "fastestsmallesttextencoderdecoder": {
          "optional": true
        },
        "typescript": {
          "optional": true
        }
      }
    },
    "node_modules/@solana/errors": {
      "version": "6.1.0",
      "resolved": "https://registry.npmjs.org/@solana/errors/-/errors-6.1.0.tgz",
      "integrity": "sha512-cqSwcw3Rmn85UR7PyF5nKPdlQsRYBkx7YGRvFaJ6Sal1PM+bfolhL5iT7STQoXxdhXGYwHMPg7kZYxmMdjwnJA==",
      "license": "MIT",
      "dependencies": {
        "chalk": "5.6.2",
        "commander": "14.0.3"
      },
      "bin": {
        "errors": "bin/cli.mjs"
      },
      "engines": {
        "node": ">=20.18.0"
      },
      "peerDependencies": {
        "typescript": "^5.0.0"
      },
      "peerDependenciesMeta": {
        "typescript": {
          "optional": true
        }
      }
    },
    "node_modules/@solana/fast-stable-stringify": {
      "version": "6.1.0",
      "resolved": "https://registry.npmjs.org/@solana/fast-stable-stringify/-/fast-stable-stringify-6.1.0.tgz",
      "integrity": "sha512-QXUfDFaJCFeARsxJgScWmJ153Tit7Cimk9y0UWWreNBr2Aphi67Nlcj/tr7UABTO0Qaw/0gwrK76zz3m1t3nIw==",
      "license": "MIT",
      "engines": {
        "node": ">=20.18.0"
      },
      "peerDependencies": {
        "typescript": "^5.0.0"
      },
      "peerDependenciesMeta": {
        "typescript": {
          "optional": true
        }
      }
    },
    "node_modules/@solana/functional": {
      "version": "6.1.0",
      "resolved": "https://registry.npmjs.org/@solana/functional/-/functional-6.1.0.tgz",
      "integrity": "sha512-+Sm8ldVxSTHIKaZDvcBu81FPjknXx6OMPlakkKmXjKxPgVLl86ruqMo2yEwoDUHV7DysLrLLcRNn13rfulomRw==",
      "license": "MIT",
      "engines": {
        "node": ">=20.18.0"
      },
      "peerDependencies": {
        "typescript": "^5.0.0"
      },
      "peerDependenciesMeta": {
        "typescript": {
          "optional": true
        }
      }
    },
    "node_modules/@solana/instruction-plans": {
      "version": "6.1.0",
      "resolved": "https://registry.npmjs.org/@solana/instruction-plans/-/instruction-plans-6.1.0.tgz",
      "integrity": "sha512-zcsHg544t1zn7LLOVUxOWYlsKn9gvT7R+pL3cTiP2wFNoUN0h9En87H6nVqkZ8LWw23asgW0uM5uJGwfBx2h1Q==",
      "license": "MIT",
      "dependencies": {
        "@solana/errors": "6.1.0",
        "@solana/instructions": "6.1.0",
        "@solana/keys": "6.1.0",
        "@solana/promises": "6.1.0",
        "@solana/transaction-messages": "6.1.0",
        "@solana/transactions": "6.1.0"
      },
      "engines": {
        "node": ">=20.18.0"
      },
      "peerDependencies": {
        "typescript": "^5.0.0"
      },
      "peerDependenciesMeta": {
        "typescript": {
          "optional": true
        }
      }
    },
    "node_modules/@solana/instructions": {
      "version": "6.1.0",
      "resolved": "https://registry.npmjs.org/@solana/instructions/-/instructions-6.1.0.tgz",
      "integrity": "sha512-w1LdbJ3yanESckNTYC5KPckgN/25FyGCm07WWrs+dCnnpRNeLiVHIytXCPmArOVAXVkOYidXzhWmqCzqKUjYaA==",
      "license": "MIT",
      "dependencies": {
        "@solana/codecs-core": "6.1.0",
        "@solana/errors": "6.1.0"
      },
      "engines": {
        "node": ">=20.18.0"
      },
      "peerDependencies": {
        "typescript": "^5.0.0"
      },
      "peerDependenciesMeta": {
        "typescript": {
          "optional": true
        }
      }
    },
    "node_modules/@solana/keys": {
      "version": "6.1.0",
      "resolved": "https://registry.npmjs.org/@solana/keys/-/keys-6.1.0.tgz",
      "integrity": "sha512-C/SGCl3VOgBQZ0mLrMxCcJYnMsGpgE8wbx29jqRY+R91m5YhS1f/GfXJPR1lN/h7QGrJ6YDm8eI0Y3AZ7goKHg==",
      "license": "MIT",
      "dependencies": {
        "@solana/assertions": "6.1.0",
        "@solana/codecs-core": "6.1.0",
        "@solana/codecs-strings": "6.1.0",
        "@solana/errors": "6.1.0",
        "@solana/nominal-types": "6.1.0"
      },
      "engines": {
        "node": ">=20.18.0"
      },
      "peerDependencies": {
        "typescript": "^5.0.0"
      },
      "peerDependenciesMeta": {
        "typescript": {
          "optional": true
        }
      }
    },
    "node_modules/@solana/kit": {
      "version": "6.1.0",
      "resolved": "https://registry.npmjs.org/@solana/kit/-/kit-6.1.0.tgz",
      "integrity": "sha512-24exn11BPonquufyCkGgypVtmN4JOsdGMsbF3EZ4kFyk7ZNryCn/N8eELr1FCVrHWRXoc0xy/HFaESBULTMf6g==",
      "license": "MIT",
      "dependencies": {
        "@solana/accounts": "6.1.0",
        "@solana/addresses": "6.1.0",
        "@solana/codecs": "6.1.0",
        "@solana/errors": "6.1.0",
        "@solana/functional": "6.1.0",
        "@solana/instruction-plans": "6.1.0",
        "@solana/instructions": "6.1.0",
        "@solana/keys": "6.1.0",
        "@solana/offchain-messages": "6.1.0",
        "@solana/plugin-core": "6.1.0",
        "@solana/plugin-interfaces": "6.1.0",
        "@solana/program-client-core": "6.1.0",
        "@solana/programs": "6.1.0",
        "@solana/rpc": "6.1.0",
        "@solana/rpc-api": "6.1.0",
        "@solana/rpc-parsed-types": "6.1.0",
        "@solana/rpc-spec-types": "6.1.0",
        "@solana/rpc-subscriptions": "6.1.0",
        "@solana/rpc-types": "6.1.0",
        "@solana/signers": "6.1.0",
        "@solana/sysvars": "6.1.0",
        "@solana/transaction-confirmation": "6.1.0",
        "@solana/transaction-messages": "6.1.0",
        "@solana/transactions": "6.1.0"
      },
      "engines": {
        "node": ">=20.18.0"
      },
      "peerDependencies": {
        "typescript": "^5.0.0"
      },
      "peerDependenciesMeta": {
        "typescript": {
          "optional": true
        }
      }
    },
    "node_modules/@solana/nominal-types": {
      "version": "6.1.0",
      "resolved": "https://registry.npmjs.org/@solana/nominal-types/-/nominal-types-6.1.0.tgz",
      "integrity": "sha512-+skHjN0arNNB9TLsGqA94VCx7euyGURI+qG6wck6E4D7hH6i6DxGiVrtKRghx+smJkkLtTm9BvdVKGoeNQYr7Q==",
      "license": "MIT",
      "engines": {
        "node": ">=20.18.0"
      },
      "peerDependencies": {
        "typescript": "^5.0.0"
      },
      "peerDependenciesMeta": {
        "typescript": {
          "optional": true
        }
      }
    },
    "node_modules/@solana/offchain-messages": {
      "version": "6.1.0",
      "resolved": "https://registry.npmjs.org/@solana/offchain-messages/-/offchain-messages-6.1.0.tgz",
      "integrity": "sha512-jrUb7HGUnRA+k44upcqKeevtEdqMxYRSlFdE0JTctZunGlP3GCcTl12tFOpbnFHvBLt8RwS62+nyeES8zzNwXA==",
      "license": "MIT",
      "dependencies": {
        "@solana/addresses": "6.1.0",
        "@solana/codecs-core": "6.1.0",
        "@solana/codecs-data-structures": "6.1.0",
        "@solana/codecs-numbers": "6.1.0",
        "@solana/codecs-strings": "6.1.0",
        "@solana/errors": "6.1.0",
        "@solana/keys": "6.1.0",
        "@solana/nominal-types": "6.1.0"
      },
      "engines": {
        "node": ">=20.18.0"
      },
      "peerDependencies": {
        "typescript": "^5.0.0"
      },
      "peerDependenciesMeta": {
        "typescript": {
          "optional": true
        }
      }
    },
    "node_modules/@solana/options": {
      "version": "6.1.0",
      "resolved": "https://registry.npmjs.org/@solana/options/-/options-6.1.0.tgz",
      "integrity": "sha512-/4FtVfR6nkHkMCumyh7/lJ6jMqyES6tKUbOJRa6gJxcIUWeRDu+XrHTHLf3gRNUqDAbFvW8FMIrQm7PdreZgRA==",
      "license": "MIT",
      "dependencies": {
        "@solana/codecs-core": "6.1.0",
        "@solana/codecs-data-structures": "6.1.0",
        "@solana/codecs-numbers": "6.1.0",
        "@solana/codecs-strings": "6.1.0",
        "@solana/errors": "6.1.0"
      },
      "engines": {
        "node": ">=20.18.0"
      },
      "peerDependencies": {
        "typescript": "^5.0.0"
      },
      "peerDependenciesMeta": {
        "typescript": {
          "optional": true
        }
      }
    },
    "node_modules/@solana/plugin-core": {
      "version": "6.1.0",
      "resolved": "https://registry.npmjs.org/@solana/plugin-core/-/plugin-core-6.1.0.tgz",
      "integrity": "sha512-2nmNCPa6B1QArqpAZHWUkK6K7UXLTrekfcfJm2V//ATEtLpKEBlv0c3mrhOYwNAKP2TpNuvEV33InXWKst9oXQ==",
      "license": "MIT",
      "engines": {
        "node": ">=20.18.0"
      },
      "peerDependencies": {
        "typescript": "^5.0.0"
      },
      "peerDependenciesMeta": {
        "typescript": {
          "optional": true
        }
      }
    },
    "node_modules/@solana/plugin-interfaces": {
      "version": "6.1.0",
      "resolved": "https://registry.npmjs.org/@solana/plugin-interfaces/-/plugin-interfaces-6.1.0.tgz",
      "integrity": "sha512-eWSzfOuwtHUp8vljf5V24Tkz3WxqxiV0vD/BJZBNRZMdYRw3Cw3oeWcvEqHHxGUOie6AjIK8GrKggi8F73ZXbg==",
      "license": "MIT",
      "dependencies": {
        "@solana/addresses": "6.1.0",
        "@solana/instruction-plans": "6.1.0",
        "@solana/keys": "6.1.0",
        "@solana/rpc-spec": "6.1.0",
        "@solana/rpc-subscriptions-spec": "6.1.0",
        "@solana/rpc-types": "6.1.0",
        "@solana/signers": "6.1.0"
      },
      "engines": {
        "node": ">=20.18.0"
      },
      "peerDependencies": {
        "typescript": "^5.0.0"
      },
      "peerDependenciesMeta": {
        "typescript": {
          "optional": true
        }
      }
    },
    "node_modules/@solana/program-client-core": {
      "version": "6.1.0",
      "resolved": "https://registry.npmjs.org/@solana/program-client-core/-/program-client-core-6.1.0.tgz",
      "integrity": "sha512-5Apka+ulWNfLNLYNR63pLnr5XvkXTQWeaftWED93iTWTZrZv9SyFWcmIsaes6eqGXMQ3RhlebnrWODtKuAA62g==",
      "license": "MIT",
      "dependencies": {
        "@solana/accounts": "6.1.0",
        "@solana/addresses": "6.1.0",
        "@solana/codecs-core": "6.1.0",
        "@solana/errors": "6.1.0",
        "@solana/instruction-plans": "6.1.0",
        "@solana/instructions": "6.1.0",
        "@solana/plugin-interfaces": "6.1.0",
        "@solana/rpc-api": "6.1.0",
        "@solana/signers": "6.1.0"
      },
      "engines": {
        "node": ">=20.18.0"
      },
      "peerDependencies": {
        "typescript": "^5.0.0"
      },
      "peerDependenciesMeta": {
        "typescript": {
          "optional": true
        }
      }
    },
    "node_modules/@solana/programs": {
      "version": "6.1.0",
      "resolved": "https://registry.npmjs.org/@solana/programs/-/programs-6.1.0.tgz",
      "integrity": "sha512-i4L4gSlIHDsdYRt3/YKVKMIN3UuYSKHRqK9B+AejcIc0y6Y/AXnHqzmpBRXEhvTXz18nt59MLXpVU4wu7ASjJA==",
      "license": "MIT",
      "dependencies": {
        "@solana/addresses": "6.1.0",
        "@solana/errors": "6.1.0"
      },
      "engines": {
        "node": ">=20.18.0"
      },
      "peerDependencies": {
        "typescript": "^5.0.0"
      },
      "peerDependenciesMeta": {
        "typescript": {
          "optional": true
        }
      }
    },
    "node_modules/@solana/promises": {
      "version": "6.1.0",
      "resolved": "https://registry.npmjs.org/@solana/promises/-/promises-6.1.0.tgz",
      "integrity": "sha512-/mUW6peXQiEOaylLpGv4vtkvPzQvSbfhX9j5PNIK/ry4S3SHRQ3j3W/oGy4y3LR5alwo7NcVbubrkh4e4xwcww==",
      "license": "MIT",
      "engines": {
        "node": ">=20.18.0"
      },
      "peerDependencies": {
        "typescript": "^5.0.0"
      },
      "peerDependenciesMeta": {
        "typescript": {
          "optional": true
        }
      }
    },
    "node_modules/@solana/rpc": {
      "version": "6.1.0",
      "resolved": "https://registry.npmjs.org/@solana/rpc/-/rpc-6.1.0.tgz",
      "integrity": "sha512-R3y5PklW9mPy5Y34hsXj40R28zN2N7AGLnHqYJVkXkllwVub/QCNpSdDxAnbbS5EGOYGoUOW8s5LFoXwMSr1LQ==",
      "license": "MIT",
      "dependencies": {
        "@solana/errors": "6.1.0",
        "@solana/fast-stable-stringify": "6.1.0",
        "@solana/functional": "6.1.0",
        "@solana/rpc-api": "6.1.0",
        "@solana/rpc-spec": "6.1.0",
        "@solana/rpc-spec-types": "6.1.0",
        "@solana/rpc-transformers": "6.1.0",
        "@solana/rpc-transport-http": "6.1.0",
        "@solana/rpc-types": "6.1.0"
      },
      "engines": {
        "node": ">=20.18.0"
      },
      "peerDependencies": {
        "typescript": "^5.0.0"
      },
      "peerDependenciesMeta": {
        "typescript": {
          "optional": true
        }
      }
    },
    "node_modules/@solana/rpc-api": {
      "version": "6.1.0",
      "resolved": "https://registry.npmjs.org/@solana/rpc-api/-/rpc-api-6.1.0.tgz",
      "integrity": "sha512-+hO5+kZjJHuUNATUQxlJ1+ztXFkgn1j46zRwt3X7kF+VHkW3wsQ7up0JTS+Xsacmkrj1WKfymQweq8JTrsAG8A==",
      "license": "MIT",
      "dependencies": {
        "@solana/addresses": "6.1.0",
        "@solana/codecs-core": "6.1.0",
        "@solana/codecs-strings": "6.1.0",
        "@solana/errors": "6.1.0",
        "@solana/keys": "6.1.0",
        "@solana/rpc-parsed-types": "6.1.0",
        "@solana/rpc-spec": "6.1.0",
        "@solana/rpc-transformers": "6.1.0",
        "@solana/rpc-types": "6.1.0",
        "@solana/transaction-messages": "6.1.0",
        "@solana/transactions": "6.1.0"
      },
      "engines": {
        "node": ">=20.18.0"
      },
      "peerDependencies": {
        "typescript": "^5.0.0"
      },
      "peerDependenciesMeta": {
        "typescript": {
          "optional": true
        }
      }
    },
    "node_modules/@solana/rpc-parsed-types": {
      "version": "6.1.0",
      "resolved": "https://registry.npmjs.org/@solana/rpc-parsed-types/-/rpc-parsed-types-6.1.0.tgz",
      "integrity": "sha512-YKccynVgWt/gbs0tBYstNw6BSVuOeWdeAldTB2OgH95o2Q04DpO4v97X1MZDysA4SvSZM30Ek5Ni5ss3kskgdw==",
      "license": "MIT",
      "engines": {
        "node": ">=20.18.0"
      },
      "peerDependencies": {
        "typescript": "^5.0.0"
      },
      "peerDependenciesMeta": {
        "typescript": {
          "optional": true
        }
      }
    },
    "node_modules/@solana/rpc-spec": {
      "version": "6.1.0",
      "resolved": "https://registry.npmjs.org/@solana/rpc-spec/-/rpc-spec-6.1.0.tgz",
      "integrity": "sha512-RxpkIGizCYhXGUcap7npV2S/rAXZ7P/liozY/ExjMmCxYTDwGIW33kp/uH/JRxuzrL8+f8FqY76VsqqIe+2VZw==",
      "license": "MIT",
      "dependencies": {
        "@solana/errors": "6.1.0",
        "@solana/rpc-spec-types": "6.1.0"
      },
      "engines": {
        "node": ">=20.18.0"
      },
      "peerDependencies": {
        "typescript": "^5.0.0"
      },
      "peerDependenciesMeta": {
        "typescript": {
          "optional": true
        }
      }
    },
    "node_modules/@solana/rpc-spec-types": {
      "version": "6.1.0",
      "resolved": "https://registry.npmjs.org/@solana/rpc-spec-types/-/rpc-spec-types-6.1.0.tgz",
      "integrity": "sha512-tldMv1b6VGcvcRrY5MDWKlsyEKH6K96zE7gAIpKDX2G4T47ZOV+OMA3nh6xQpRgtyCUBsej0t80qmvTBDX/5IQ==",
      "license": "MIT",
      "engines": {
        "node": ">=20.18.0"
      },
      "peerDependencies": {
        "typescript": "^5.0.0"
      },
      "peerDependenciesMeta": {
        "typescript": {
          "optional": true
        }
      }
    },
    "node_modules/@solana/rpc-subscriptions": {
      "version": "6.1.0",
      "resolved": "https://registry.npmjs.org/@solana/rpc-subscriptions/-/rpc-subscriptions-6.1.0.tgz",
      "integrity": "sha512-sqwj+cQinWcZ7M/9+cudKxMPTkTQyGP73980vPCWM7vCpPkp2qzgrEie4DdgDGo+NMwIjeFgu2kdUuLHI3GD/g==",
      "license": "MIT",
      "dependencies": {
        "@solana/errors": "6.1.0",
        "@solana/fast-stable-stringify": "6.1.0",
        "@solana/functional": "6.1.0",
        "@solana/promises": "6.1.0",
        "@solana/rpc-spec-types": "6.1.0",
        "@solana/rpc-subscriptions-api": "6.1.0",
        "@solana/rpc-subscriptions-channel-websocket": "6.1.0",
        "@solana/rpc-subscriptions-spec": "6.1.0",
        "@solana/rpc-transformers": "6.1.0",
        "@solana/rpc-types": "6.1.0",
        "@solana/subscribable": "6.1.0"
      },
      "engines": {
        "node": ">=20.18.0"
      },
      "peerDependencies": {
        "typescript": "^5.0.0"
      },
      "peerDependenciesMeta": {
        "typescript": {
          "optional": true
        }
      }
    },
    "node_modules/@solana/rpc-subscriptions-api": {
      "version": "6.1.0",
      "resolved": "https://registry.npmjs.org/@solana/rpc-subscriptions-api/-/rpc-subscriptions-api-6.1.0.tgz",
      "integrity": "sha512-I6J+3VU0dda6EySKbDyd+1urC7RGIRPRp0DcWRVcy68NOLbq0I5C40Dn9O2Zf8iCdK4PbQ7JKdCvZ/bDd45hdg==",
      "license": "MIT",
      "dependencies": {
        "@solana/addresses": "6.1.0",
        "@solana/keys": "6.1.0",
        "@solana/rpc-subscriptions-spec": "6.1.0",
        "@solana/rpc-transformers": "6.1.0",
        "@solana/rpc-types": "6.1.0",
        "@solana/transaction-messages": "6.1.0",
        "@solana/transactions": "6.1.0"
      },
      "engines": {
        "node": ">=20.18.0"
      },
      "peerDependencies": {
        "typescript": "^5.0.0"
      },
      "peerDependenciesMeta": {
        "typescript": {
          "optional": true
        }
      }
    },
    "node_modules/@solana/rpc-subscriptions-channel-websocket": {
      "version": "6.1.0",
      "resolved": "https://registry.npmjs.org/@solana/rpc-subscriptions-channel-websocket/-/rpc-subscriptions-channel-websocket-6.1.0.tgz",
      "integrity": "sha512-vsx9b+uyCr9L3giao/BTiBFA8DxV5+gDNFq0t5uL21uQ17JXzBektwzHuHoth9IjkvXV/h+IhwXfuLE9Qm4GQg==",
      "license": "MIT",
      "dependencies": {
        "@solana/errors": "6.1.0",
        "@solana/functional": "6.1.0",
        "@solana/rpc-subscriptions-spec": "6.1.0",
        "@solana/subscribable": "6.1.0",
        "ws": "^8.19.0"
      },
      "engines": {
        "node": ">=20.18.0"
      },
      "peerDependencies": {
        "typescript": "^5.0.0"
      },
      "peerDependenciesMeta": {
        "typescript": {
          "optional": true
        }
      }
    },
    "node_modules/@solana/rpc-subscriptions-spec": {
      "version": "6.1.0",
      "resolved": "https://registry.npmjs.org/@solana/rpc-subscriptions-spec/-/rpc-subscriptions-spec-6.1.0.tgz",
      "integrity": "sha512-P06jhqzHpZGaLeJmIQkpDeMDD1xUp53ARpmXMsduMC+U5ZKQt29CLo+JrR18boNtls6WfttjVMEbzF25/4UPVA==",
      "license": "MIT",
      "dependencies": {
        "@solana/errors": "6.1.0",
        "@solana/promises": "6.1.0",
        "@solana/rpc-spec-types": "6.1.0",
        "@solana/subscribable": "6.1.0"
      },
      "engines": {
        "node": ">=20.18.0"
      },
      "peerDependencies": {
        "typescript": "^5.0.0"
      },
      "peerDependenciesMeta": {
        "typescript": {
          "optional": true
        }
      }
    },
    "node_modules/@solana/rpc-transformers": {
      "version": "6.1.0",
      "resolved": "https://registry.npmjs.org/@solana/rpc-transformers/-/rpc-transformers-6.1.0.tgz",
      "integrity": "sha512-OsSuuRPmsmS02eR9Zz+4iTsr+21hvEMEex5vwbwN6LAGPFlQ4ohqGkxgZCwmYd+Q5HWpnn9Uuf1MDTLLrKQkig==",
      "license": "MIT",
      "dependencies": {
        "@solana/errors": "6.1.0",
        "@solana/functional": "6.1.0",
        "@solana/nominal-types": "6.1.0",
        "@solana/rpc-spec-types": "6.1.0",
        "@solana/rpc-types": "6.1.0"
      },
      "engines": {
        "node": ">=20.18.0"
      },
      "peerDependencies": {
        "typescript": "^5.0.0"
      },
      "peerDependenciesMeta": {
        "typescript": {
          "optional": true
        }
      }
    },
    "node_modules/@solana/rpc-transport-http": {
      "version": "6.1.0",
      "resolved": "https://registry.npmjs.org/@solana/rpc-transport-http/-/rpc-transport-http-6.1.0.tgz",
      "integrity": "sha512-3ebaTYuglLJagaXtjwDPVI7SQeeeFN2fpetpGKsuMAiti4fzYqEkNN8FIo+nXBzqqG/cVc2421xKjXl6sO1k/g==",
      "license": "MIT",
      "dependencies": {
        "@solana/errors": "6.1.0",
        "@solana/rpc-spec": "6.1.0",
        "@solana/rpc-spec-types": "6.1.0",
        "undici-types": "^7.21.0"
      },
      "engines": {
        "node": ">=20.18.0"
      },
      "peerDependencies": {
        "typescript": "^5.0.0"
      },
      "peerDependenciesMeta": {
        "typescript": {
          "optional": true
        }
      }
    },
    "node_modules/@solana/rpc-types": {
      "version": "6.1.0",
      "resolved": "https://registry.npmjs.org/@solana/rpc-types/-/rpc-types-6.1.0.tgz",
      "integrity": "sha512-lR+Cb3v5Rpl49HsXWASy++TSE1AD86eRKabY+iuWnbBMYVGI4MamAvYwgBiygsCNc30nyO2TFNj9STMeSD/gAg==",
      "license": "MIT",
      "dependencies": {
        "@solana/addresses": "6.1.0",
        "@solana/codecs-core": "6.1.0",
        "@solana/codecs-numbers": "6.1.0",
        "@solana/codecs-strings": "6.1.0",
        "@solana/errors": "6.1.0",
        "@solana/nominal-types": "6.1.0"
      },
      "engines": {
        "node": ">=20.18.0"
      },
      "peerDependencies": {
        "typescript": "^5.0.0"
      },
      "peerDependenciesMeta": {
        "typescript": {
          "optional": true
        }
      }
    },
    "node_modules/@solana/signers": {
      "version": "6.1.0",
      "resolved": "https://registry.npmjs.org/@solana/signers/-/signers-6.1.0.tgz",
      "integrity": "sha512-WDPGZJr6jIe2dEChv/2KQBnaga8dqOjd6ceBj/HcDHxnCudo66t7GlyZ9+9jMO40AgOOb7EDE5FDqPMrHMg5Yw==",
      "license": "MIT",
      "dependencies": {
        "@solana/addresses": "6.1.0",
        "@solana/codecs-core": "6.1.0",
        "@solana/errors": "6.1.0",
        "@solana/instructions": "6.1.0",
        "@solana/keys": "6.1.0",
        "@solana/nominal-types": "6.1.0",
        "@solana/offchain-messages": "6.1.0",
        "@solana/transaction-messages": "6.1.0",
        "@solana/transactions": "6.1.0"
      },
      "engines": {
        "node": ">=20.18.0"
      },
      "peerDependencies": {
        "typescript": "^5.0.0"
      },
      "peerDependenciesMeta": {
        "typescript": {
          "optional": true
        }
      }
    },
    "node_modules/@solana/subscribable": {
      "version": "6.1.0",
      "resolved": "https://registry.npmjs.org/@solana/subscribable/-/subscribable-6.1.0.tgz",
      "integrity": "sha512-HiUfkxN7638uxPmY4t0gI4+yqnFLZYJKFaT9EpWIuGrOB1d9n+uOHNs3NU7cVMwWXgfZUbztTCKyCVTbcwesNg==",
      "license": "MIT",
      "dependencies": {
        "@solana/errors": "6.1.0"
      },
      "engines": {
        "node": ">=20.18.0"
      },
      "peerDependencies": {
        "typescript": "^5.0.0"
      },
      "peerDependenciesMeta": {
        "typescript": {
          "optional": true
        }
      }
    },
    "node_modules/@solana/sysvars": {
      "version": "6.1.0",
      "resolved": "https://registry.npmjs.org/@solana/sysvars/-/sysvars-6.1.0.tgz",
      "integrity": "sha512-KwJyBBrAOx0BgkiZqOKAaySDb/0JrUFSBQL9/O1kSKGy9TCRX55Ytr1HxNTcTPppWNpbM6JZVK+yW3Ruey0HRw==",
      "license": "MIT",
      "dependencies": {
        "@solana/accounts": "6.1.0",
        "@solana/codecs": "6.1.0",
        "@solana/errors": "6.1.0",
        "@solana/rpc-types": "6.1.0"
      },
      "engines": {
        "node": ">=20.18.0"
      },
      "peerDependencies": {
        "typescript": "^5.0.0"
      },
      "peerDependenciesMeta": {
        "typescript": {
          "optional": true
        }
      }
    },
    "node_modules/@solana/transaction-confirmation": {
      "version": "6.1.0",
      "resolved": "https://registry.npmjs.org/@solana/transaction-confirmation/-/transaction-confirmation-6.1.0.tgz",
      "integrity": "sha512-akSjcqAMOGPFvKctFDSzhjcRc/45WbEVdVQ9mjgH6OYo7B11WZZZaeGPlzAw5KyuG34Px941xmICkBmNqEH47Q==",
      "license": "MIT",
      "dependencies": {
        "@solana/addresses": "6.1.0",
        "@solana/codecs-strings": "6.1.0",
        "@solana/errors": "6.1.0",
        "@solana/keys": "6.1.0",
        "@solana/promises": "6.1.0",
        "@solana/rpc": "6.1.0",
        "@solana/rpc-subscriptions": "6.1.0",
        "@solana/rpc-types": "6.1.0",
        "@solana/transaction-messages": "6.1.0",
        "@solana/transactions": "6.1.0"
      },
      "engines": {
        "node": ">=20.18.0"
      },
      "peerDependencies": {
        "typescript": "^5.0.0"
      },
      "peerDependenciesMeta": {
        "typescript": {
          "optional": true
        }
      }
    },
    "node_modules/@solana/transaction-messages": {
      "version": "6.1.0",
      "resolved": "https://registry.npmjs.org/@solana/transaction-messages/-/transaction-messages-6.1.0.tgz",
      "integrity": "sha512-Dpv54LRVcfFbFEa/uB53LaY/TRfKuPGMKR7Z4F290zBgkj9xkpZkI+WLiJBiSloI7Qo2KZqXj3514BIeZvJLcg==",
      "license": "MIT",
      "dependencies": {
        "@solana/addresses": "6.1.0",
        "@solana/codecs-core": "6.1.0",
        "@solana/codecs-data-structures": "6.1.0",
        "@solana/codecs-numbers": "6.1.0",
        "@solana/errors": "6.1.0",
        "@solana/functional": "6.1.0",
        "@solana/instructions": "6.1.0",
        "@solana/nominal-types": "6.1.0",
        "@solana/rpc-types": "6.1.0"
      },
      "engines": {
        "node": ">=20.18.0"
      },
      "peerDependencies": {
        "typescript": "^5.0.0"
      },
      "peerDependenciesMeta": {
        "typescript": {
          "optional": true
        }
      }
    },
    "node_modules/@solana/transactions": {
      "version": "6.1.0",
      "resolved": "https://registry.npmjs.org/@solana/transactions/-/transactions-6.1.0.tgz",
      "integrity": "sha512-1dkiNJcTtlHm4Fvs5VohNVpv7RbvbUYYKV7lYXMPIskoLF1eZp0tVlEqD/cRl91RNz7HEysfHqBAwlcJcRmrRg==",
      "license": "MIT",
      "dependencies": {
        "@solana/addresses": "6.1.0",
        "@solana/codecs-core": "6.1.0",
        "@solana/codecs-data-structures": "6.1.0",
        "@solana/codecs-numbers": "6.1.0",
        "@solana/codecs-strings": "6.1.0",
        "@solana/errors": "6.1.0",
        "@solana/functional": "6.1.0",
        "@solana/instructions": "6.1.0",
        "@solana/keys": "6.1.0",
        "@solana/nominal-types": "6.1.0",
        "@solana/rpc-types": "6.1.0",
        "@solana/transaction-messages": "6.1.0"
      },
      "engines": {
        "node": ">=20.18.0"
      },
      "peerDependencies": {
        "typescript": "^5.0.0"
      },
      "peerDependenciesMeta": {
        "typescript": {
          "optional": true
        }
      }
    },
    "node_modules/chalk": {
      "version": "5.6.2",
      "resolved": "https://registry.npmjs.org/chalk/-/chalk-5.6.2.tgz",
      "integrity": "sha512-7NzBL0rN6fMUW+f7A6Io4h40qQlG+xGmtMxfbnH/K7TAtt8JQWVQK+6g0UXKMeVJoyV5EkkNsErQ8pVD3bLHbA==",
      "license": "MIT",
      "engines": {
        "node": "^12.17.0 || ^14.13 || >=16.0.0"
      },
      "funding": {
        "url": "https://github.com/chalk/chalk?sponsor=1"
      }
    },
    "node_modules/commander": {
      "version": "14.0.3",
      "resolved": "https://registry.npmjs.org/commander/-/commander-14.0.3.tgz",
      "integrity": "sha512-H+y0Jo/T1RZ9qPP4Eh1pkcQcLRglraJaSLoyOtHxu6AapkjWVCy2Sit1QQ4x3Dng8qDlSsZEet7g5Pq06MvTgw==",
      "license": "MIT",
      "engines": {
        "node": ">=20"
      }
    },
    "node_modules/undici-types": {
      "version": "7.22.0",
      "resolved": "https://registry.npmjs.org/undici-types/-/undici-types-7.22.0.tgz",
      "integrity": "sha512-RKZvifiL60xdsIuC80UY0dq8Z7DbJUV8/l2hOVbyZAxBzEeQU4Z58+4ZzJ6WN2Lidi9KzT5EbiGX+PI/UGYuRw==",
      "license": "MIT"
    },
    "node_modules/ws": {
      "version": "8.19.0",
      "resolved": "https://registry.npmjs.org/ws/-/ws-8.19.0.tgz",
      "integrity": "sha512-blAT2mjOEIi0ZzruJfIhb3nps74PRWTCz1IjglWEEpQl5XS/UNama6u2/rjFkDDouqr4L67ry+1aGIALViWjDg==",
      "license": "MIT",
      "engines": {
        "node": ">=10.0.0"
      },
      "peerDependencies": {
        "bufferutil": "^4.0.1",
        "utf-8-validate": ">=5.0.2"
      },
      "peerDependenciesMeta": {
        "bufferutil": {
          "optional": true
        },
        "utf-8-validate": {
          "optional": true
        }
      }
    }
  }
}
